
Microsoft Visual Studio Solution File, Format Version 12.00
# Visual Studio Version 17
VisualStudioVersion = 17.13.35913.81 d17.13
MinimumVisualStudioVersion = 10.0.40219.1
Project("{FAE04EC0-301F-11D3-BF4B-00C04F79EFBC}") = "#1.2 Foreach-Schleifen", "#1.2 Foreach-Schleifen.csproj", "{8B5708E9-EF34-43DE-9119-FF2E43CAF350}"
EndProject
Global
	GlobalSection(SolutionConfigurationPlatforms) = preSolution
		Debug|Any CPU = Debug|Any CPU
		Release|Any CPU = Release|Any CPU
	EndGlobalSection
	GlobalSection(ProjectConfigurationPlatforms) = postSolution
		{8B5708E9-EF34-43DE-9119-FF2E43CAF350}.Debug|Any CPU.ActiveCfg = Debug|Any CPU
		{8B5708E9-EF34-43DE-9119-FF2E43CAF350}.Debug|Any CPU.Build.0 = Debug|Any CPU
		{8B5708E9-EF34-43DE-9119-FF2E43CAF350}.Release|Any CPU.ActiveCfg = Release|Any CPU
		{8B5708E9-EF34-43DE-9119-FF2E43CAF350}.Release|Any CPU.Build.0 = Release|Any CPU
	EndGlobalSection
	GlobalSection(SolutionProperties) = preSolution
		HideSolutionNode = FALSE
	EndGlobalSection
	GlobalSection(ExtensibilityGlobals) = postSolution
		SolutionGuid = {3A1F5031-2D8F-4358-9BD3-E1D856326C76}
	EndGlobalSection
EndGlobal
