
Microsoft Visual Studio Solution File, Format Version 12.00
# Visual Studio Version 17
VisualStudioVersion = 17.10.35122.118
MinimumVisualStudioVersion = 10.0.40219.1
Project("{FAE04EC0-301F-11D3-BF4B-00C04F79EFBC}") = "Tutorial#2.1", "Tutorial#2.1.csproj", "{21B75B71-21A5-4503-A412-73BA0E98A47A}"
EndProject
Global
	GlobalSection(SolutionConfigurationPlatforms) = preSolution
		Debug|Any CPU = Debug|Any CPU
		Release|Any CPU = Release|Any CPU
	EndGlobalSection
	GlobalSection(ProjectConfigurationPlatforms) = postSolution
		{21B75B71-21A5-4503-A412-73BA0E98A47A}.Debug|Any CPU.ActiveCfg = Debug|Any CPU
		{21B75B71-21A5-4503-A412-73BA0E98A47A}.Debug|Any CPU.Build.0 = Debug|Any CPU
		{21B75B71-21A5-4503-A412-73BA0E98A47A}.Release|Any CPU.ActiveCfg = Release|Any CPU
		{21B75B71-21A5-4503-A412-73BA0E98A47A}.Release|Any CPU.Build.0 = Release|Any CPU
	EndGlobalSection
	GlobalSection(SolutionProperties) = preSolution
		HideSolutionNode = FALSE
	EndGlobalSection
	GlobalSection(ExtensibilityGlobals) = postSolution
		SolutionGuid = {C1B40016-7F11-42FB-98AB-6EBBE816746E}
	EndGlobalSection
EndGlobal
