
Microsoft Visual Studio Solution File, Format Version 12.00
# Visual Studio Version 17
VisualStudioVersion = 17.10.35122.118
MinimumVisualStudioVersion = 10.0.40219.1
Project("{FAE04EC0-301F-11D3-BF4B-00C04F79EFBC}") = "Tutorial#7.3", "Tutorial#7.3.csproj", "{0D2BBBD3-6EF3-486D-99E9-E574EC6A0D0A}"
EndProject
Global
	GlobalSection(SolutionConfigurationPlatforms) = preSolution
		Debug|Any CPU = Debug|Any CPU
		Release|Any CPU = Release|Any CPU
	EndGlobalSection
	GlobalSection(ProjectConfigurationPlatforms) = postSolution
		{0D2BBBD3-6EF3-486D-99E9-E574EC6A0D0A}.Debug|Any CPU.ActiveCfg = Debug|Any CPU
		{0D2BBBD3-6EF3-486D-99E9-E574EC6A0D0A}.Debug|Any CPU.Build.0 = Debug|Any CPU
		{0D2BBBD3-6EF3-486D-99E9-E574EC6A0D0A}.Release|Any CPU.ActiveCfg = Release|Any CPU
		{0D2BBBD3-6EF3-486D-99E9-E574EC6A0D0A}.Release|Any CPU.Build.0 = Release|Any CPU
	EndGlobalSection
	GlobalSection(SolutionProperties) = preSolution
		HideSolutionNode = FALSE
	EndGlobalSection
	GlobalSection(ExtensibilityGlobals) = postSolution
		SolutionGuid = {EA037E76-31F2-4CF8-92C1-85159BB59381}
	EndGlobalSection
EndGlobal
