
Microsoft Visual Studio Solution File, Format Version 12.00
# Visual Studio Version 17
VisualStudioVersion = 17.13.35913.81 d17.13
MinimumVisualStudioVersion = 10.0.40219.1
Project("{FAE04EC0-301F-11D3-BF4B-00C04F79EFBC}") = "#1.8 Konstruktor", "#1.8 Konstruktor.csproj", "{4ECFFE42-D3B0-4461-B3BF-F8CAB0547207}"
EndProject
Global
	GlobalSection(SolutionConfigurationPlatforms) = preSolution
		Debug|Any CPU = Debug|Any CPU
		Release|Any CPU = Release|Any CPU
	EndGlobalSection
	GlobalSection(ProjectConfigurationPlatforms) = postSolution
		{4ECFFE42-D3B0-4461-B3BF-F8CAB0547207}.Debug|Any CPU.ActiveCfg = Debug|Any CPU
		{4ECFFE42-D3B0-4461-B3BF-F8CAB0547207}.Debug|Any CPU.Build.0 = Debug|Any CPU
		{4ECFFE42-D3B0-4461-B3BF-F8CAB0547207}.Release|Any CPU.ActiveCfg = Release|Any CPU
		{4ECFFE42-D3B0-4461-B3BF-F8CAB0547207}.Release|Any CPU.Build.0 = Release|Any CPU
	EndGlobalSection
	GlobalSection(SolutionProperties) = preSolution
		HideSolutionNode = FALSE
	EndGlobalSection
	GlobalSection(ExtensibilityGlobals) = postSolution
		SolutionGuid = {74511731-D558-463A-B7AA-DC0E4828A47A}
	EndGlobalSection
EndGlobal
