
Microsoft Visual Studio Solution File, Format Version 12.00
# Visual Studio Version 17
VisualStudioVersion = 17.13.35913.81 d17.13
MinimumVisualStudioVersion = 10.0.40219.1
Project("{FAE04EC0-301F-11D3-BF4B-00C04F79EFBC}") = "#1.7 Methoden in eigene Klassen", "#1.7 Methoden in eigene Klassen.csproj", "{0C4DFEB9-E654-460D-8AB7-A5B8A259039E}"
EndProject
Global
	GlobalSection(SolutionConfigurationPlatforms) = preSolution
		Debug|Any CPU = Debug|Any CPU
		Release|Any CPU = Release|Any CPU
	EndGlobalSection
	GlobalSection(ProjectConfigurationPlatforms) = postSolution
		{0C4DFEB9-E654-460D-8AB7-A5B8A259039E}.Debug|Any CPU.ActiveCfg = Debug|Any CPU
		{0C4DFEB9-E654-460D-8AB7-A5B8A259039E}.Debug|Any CPU.Build.0 = Debug|Any CPU
		{0C4DFEB9-E654-460D-8AB7-A5B8A259039E}.Release|Any CPU.ActiveCfg = Release|Any CPU
		{0C4DFEB9-E654-460D-8AB7-A5B8A259039E}.Release|Any CPU.Build.0 = Release|Any CPU
	EndGlobalSection
	GlobalSection(SolutionProperties) = preSolution
		HideSolutionNode = FALSE
	EndGlobalSection
	GlobalSection(ExtensibilityGlobals) = postSolution
		SolutionGuid = {E27D28F8-5660-42AB-B481-46F643DA0E53}
	EndGlobalSection
EndGlobal
