
Microsoft Visual Studio Solution File, Format Version 12.00
# Visual Studio Version 17
VisualStudioVersion = 17.10.35122.118
MinimumVisualStudioVersion = 10.0.40219.1
Project("{FAE04EC0-301F-11D3-BF4B-00C04F79EFBC}") = "Tutorial#5.1", "Tutorial#5.1.csproj", "{5A372B6D-4020-4EFB-8858-E0F7480298BC}"
EndProject
Global
	GlobalSection(SolutionConfigurationPlatforms) = preSolution
		Debug|Any CPU = Debug|Any CPU
		Release|Any CPU = Release|Any CPU
	EndGlobalSection
	GlobalSection(ProjectConfigurationPlatforms) = postSolution
		{5A372B6D-4020-4EFB-8858-E0F7480298BC}.Debug|Any CPU.ActiveCfg = Debug|Any CPU
		{5A372B6D-4020-4EFB-8858-E0F7480298BC}.Debug|Any CPU.Build.0 = Debug|Any CPU
		{5A372B6D-4020-4EFB-8858-E0F7480298BC}.Release|Any CPU.ActiveCfg = Release|Any CPU
		{5A372B6D-4020-4EFB-8858-E0F7480298BC}.Release|Any CPU.Build.0 = Release|Any CPU
	EndGlobalSection
	GlobalSection(SolutionProperties) = preSolution
		HideSolutionNode = FALSE
	EndGlobalSection
	GlobalSection(ExtensibilityGlobals) = postSolution
		SolutionGuid = {145552AF-5FE0-438C-BD15-1B4F38D76217}
	EndGlobalSection
EndGlobal
