
Microsoft Visual Studio Solution File, Format Version 12.00
# Visual Studio Version 17
VisualStudioVersion = 17.10.35122.118
MinimumVisualStudioVersion = 10.0.40219.1
Project("{FAE04EC0-301F-11D3-BF4B-00C04F79EFBC}") = "Tutorial#4", "Tutorial#4.csproj", "{8C2B2DF1-86A2-4C89-A6C3-8F9D56182532}"
EndProject
Global
	GlobalSection(SolutionConfigurationPlatforms) = preSolution
		Debug|Any CPU = Debug|Any CPU
		Release|Any CPU = Release|Any CPU
	EndGlobalSection
	GlobalSection(ProjectConfigurationPlatforms) = postSolution
		{8C2B2DF1-86A2-4C89-A6C3-8F9D56182532}.Debug|Any CPU.ActiveCfg = Debug|Any CPU
		{8C2B2DF1-86A2-4C89-A6C3-8F9D56182532}.Debug|Any CPU.Build.0 = Debug|Any CPU
		{8C2B2DF1-86A2-4C89-A6C3-8F9D56182532}.Release|Any CPU.ActiveCfg = Release|Any CPU
		{8C2B2DF1-86A2-4C89-A6C3-8F9D56182532}.Release|Any CPU.Build.0 = Release|Any CPU
	EndGlobalSection
	GlobalSection(SolutionProperties) = preSolution
		HideSolutionNode = FALSE
	EndGlobalSection
	GlobalSection(ExtensibilityGlobals) = postSolution
		SolutionGuid = {37632ADB-F919-46DC-A692-E0599A8F3DD3}
	EndGlobalSection
EndGlobal
