
Microsoft Visual Studio Solution File, Format Version 12.00
# Visual Studio Version 17
VisualStudioVersion = 17.10.35122.118
MinimumVisualStudioVersion = 10.0.40219.1
Project("{FAE04EC0-301F-11D3-BF4B-00C04F79EFBC}") = "Tutorial#6.1", "Tutorial#6.1.csproj", "{F8279EE6-AB38-43EB-86F6-5CF7748BDCD7}"
EndProject
Global
	GlobalSection(SolutionConfigurationPlatforms) = preSolution
		Debug|Any CPU = Debug|Any CPU
		Release|Any CPU = Release|Any CPU
	EndGlobalSection
	GlobalSection(ProjectConfigurationPlatforms) = postSolution
		{F8279EE6-AB38-43EB-86F6-5CF7748BDCD7}.Debug|Any CPU.ActiveCfg = Debug|Any CPU
		{F8279EE6-AB38-43EB-86F6-5CF7748BDCD7}.Debug|Any CPU.Build.0 = Debug|Any CPU
		{F8279EE6-AB38-43EB-86F6-5CF7748BDCD7}.Release|Any CPU.ActiveCfg = Release|Any CPU
		{F8279EE6-AB38-43EB-86F6-5CF7748BDCD7}.Release|Any CPU.Build.0 = Release|Any CPU
	EndGlobalSection
	GlobalSection(SolutionProperties) = preSolution
		HideSolutionNode = FALSE
	EndGlobalSection
	GlobalSection(ExtensibilityGlobals) = postSolution
		SolutionGuid = {44A14E1A-780C-4854-9764-44C1DFF5EBA5}
	EndGlobalSection
EndGlobal
