
Microsoft Visual Studio Solution File, Format Version 12.00
# Visual Studio Version 17
VisualStudioVersion = 17.11.35208.52
MinimumVisualStudioVersion = 10.0.40219.1
Project("{FAE04EC0-301F-11D3-BF4B-00C04F79EFBC}") = "Tutorial#10", "Tutorial#10.csproj", "{588D707D-5918-4E37-A716-7CEE697D70E2}"
EndProject
Global
	GlobalSection(SolutionConfigurationPlatforms) = preSolution
		Debug|Any CPU = Debug|Any CPU
		Release|Any CPU = Release|Any CPU
	EndGlobalSection
	GlobalSection(ProjectConfigurationPlatforms) = postSolution
		{588D707D-5918-4E37-A716-7CEE697D70E2}.Debug|Any CPU.ActiveCfg = Debug|Any CPU
		{588D707D-5918-4E37-A716-7CEE697D70E2}.Debug|Any CPU.Build.0 = Debug|Any CPU
		{588D707D-5918-4E37-A716-7CEE697D70E2}.Release|Any CPU.ActiveCfg = Release|Any CPU
		{588D707D-5918-4E37-A716-7CEE697D70E2}.Release|Any CPU.Build.0 = Release|Any CPU
	EndGlobalSection
	GlobalSection(SolutionProperties) = preSolution
		HideSolutionNode = FALSE
	EndGlobalSection
	GlobalSection(ExtensibilityGlobals) = postSolution
		SolutionGuid = {D73EFDBB-3D95-44D4-964F-12A78B7C8503}
	EndGlobalSection
EndGlobal
